// !$*UTF8*$!
{
	archiveVersion = 1;
	classes = {
	};
	objectVersion = 46;
	objects = {

/* Begin PBXBuildFile section */
		5CBD962C1BE25EFC0038BDDE /* main.swift in Sources */ = {isa = PBXBuildFile; fileRef = 5CBD962B1BE25EFC0038BDDE /* main.swift */; };
/* End PBXBuildFile section */

/* Begin PBXCopyFilesBuildPhase section */
		5CBD96261BE25EFC0038BDDE /* CopyFiles */ = {
			isa = PBXCopyFilesBuildPhase;
			buildActionMask = 2147483647;
			dstPath = /usr/share/man/man1/;
			dstSubfolderSpec = 0;
			files = (
			);
			runOnlyForDeploymentPostprocessing = 1;
		};
/* End PBXCopyFilesBuildPhase section */

/* Begin PBXFileReference section */
		5CBD96281BE25EFC0038BDDE /* GetAppleSerial */ = {isa = PBXFileReference; explicitFileType = "compiled.mach-o.executable"; includeInIndex = 0; path = GetAppleSerial; sourceTree = BUILT_PRODUCTS_DIR; };
		5CBD962B1BE25EFC0038BDDE /* main.swift */ = {isa = PBXFileReference; lastKnownFileType = sourcecode.swift; path = main.swift; sourceTree = "<group>"; };
/* End PBXFileReference section */

/* Begin PBXFrameworksBuildPhase section */
		5CBD96251BE25EFC0038BDDE /* Frameworks */ = {
			isa = PBXFrameworksBuildPhase;
			buildActionMask = 2147483647;
			files = (
			);
			runOnlyForDeploymentPostprocessing = 0;
		};
/* End PBXFrameworksBuildPhase section */

/* Begin PBXGroup section */
		5CBD961F1BE25EFB0038BDDE = {
			isa = PBXGroup;
			children = (
				5CBD962A1BE25EFC0038BDDE /* GetAppleSerial */,
				5CBD96291BE25EFC0038BDDE /* Products */,
			);
			sourceTree = "<group>";
		};
		5CBD96291BE25EFC0038BDDE /* Products */ = {
			isa = PBXGroup;
			children = (
				5CBD96281BE25EFC0038BDDE /* GetAppleSerial */,
			);
			name = Products;
			sourceTree = "<group>";
		};
		5CBD962A1BE25EFC0038BDDE /* GetAppleSerial */ = {
			isa = PBXGroup;
			children = (
				5CBD962B1BE25EFC0038BDDE /* main.swift */,
			);
			path = GetAppleSerial;
			sourceTree = "<group>";
		};
/* End PBXGroup section */

/* Begin PBXNativeTarget section */
		5CBD96271BE25EFC0038BDDE /* GetAppleSerial */ = {
			isa = PBXNativeTarget;
			buildConfigurationList = 5CBD962F1BE25EFC0038BDDE /* Build configuration list for PBXNativeTarget "GetAppleSerial" */;
			buildPhases = (
				5CBD96241BE25EFC0038BDDE /* Sources */,
				5CBD96251BE25EFC0038BDDE /* Frameworks */,
				5CBD96261BE25EFC0038BDDE /* CopyFiles */,
			);
			buildRules = (
			);
			dependencies = (
			);
			name = GetAppleSerial;
			productName = GetAppleSerial;
			productReference = 5CBD96281BE25EFC0038BDDE /* GetAppleSerial */;
			productType = "com.apple.product-type.tool";
		};
/* End PBXNativeTarget section */

/* Begin PBXProject section */
		5CBD96201BE25EFB0038BDDE /* Project object */ = {
			isa = PBXProject;
			attributes = {
				LastSwiftUpdateCheck = 0710;
				LastUpgradeCheck = 0710;
				ORGANIZATIONNAME = "Zero Density";
				TargetAttributes = {
					5CBD96271BE25EFC0038BDDE = {
						CreatedOnToolsVersion = 7.1;
					};
				};
			};
			buildConfigurationList = 5CBD96231BE25EFB0038BDDE /* Build configuration list for PBXProject "GetAppleSerial" */;
			compatibilityVersion = "Xcode 3.2";
			developmentRegion = English;
			hasScannedForEncodings = 0;
			knownRegions = (
				en,
			);
			mainGroup = 5CBD961F1BE25EFB0038BDDE;
			productRefGroup = 5CBD96291BE25EFC0038BDDE /* Products */;
			projectDirPath = "";
			projectRoot = "";
			targets = (
				5CBD96271BE25EFC0038BDDE /* GetAppleSerial */,
			);
		};
/* End PBXProject section */

/* Begin PBXSourcesBuildPhase section */
		5CBD96241BE25EFC0038BDDE /* Sources */ = {
			isa = PBXSourcesBuildPhase;
			buildActionMask = 2147483647;
			files = (
				5CBD962C1BE25EFC0038BDDE /* main.swift in Sources */,
			);
			runOnlyForDeploymentPostprocessing = 0;
		};
/* End PBXSourcesBuildPhase section */

/* Begin XCBuildConfiguration section */
		5CBD962D1BE25EFC0038BDDE /* Debug */ = {
			isa = XCBuildConfiguration;
			buildSettings = {
				ALWAYS_SEARCH_USER_PATHS = NO;
				CLANG_CXX_LANGUAGE_STANDARD = "gnu++0x";
				CLANG_CXX_LIBRARY = "libc++";
				CLANG_ENABLE_MODULES = YES;
				CLANG_ENABLE_OBJC_ARC = YES;
				CLANG_WARN_BOOL_CONVERSION = YES;
				CLANG_WARN_CONSTANT_CONVERSION = YES;
				CLANG_WARN_DIRECT_OBJC_ISA_USAGE = YES_ERROR;
				CLANG_WARN_EMPTY_BODY = YES;
				CLANG_WARN_ENUM_CONVERSION = YES;
				CLANG_WARN_INT_CONVERSION = YES;
				CLANG_WARN_OBJC_ROOT_CLASS = YES_ERROR;
				CLANG_WARN_UNREACHABLE_CODE = YES;
				CLANG_WARN__DUPLICATE_METHOD_MATCH = YES;
				CODE_SIGN_IDENTITY = "-";
				COPY_PHASE_STRIP = NO;
				DEBUG_INFORMATION_FORMAT = dwarf;
				ENABLE_STRICT_OBJC_MSGSEND = YES;
				ENABLE_TESTABILITY = YES;
				GCC_C_LANGUAGE_STANDARD = gnu99;
				GCC_DYNAMIC_NO_PIC = NO;
				GCC_NO_COMMON_BLOCKS = YES;
				GCC_OPTIMIZATION_LEVEL = 0;
				GCC_PREPROCESSOR_DEFINITIONS = (
					"DEBUG=1",
					"$(inherited)",
				);
				GCC_WARN_64_TO_32_BIT_CONVERSION = YES;
				GCC_WARN_ABOUT_RETURN_TYPE = YES_ERROR;
				GCC_WARN_UNDECLARED_SELECTOR = YES;
				GCC_WARN_UNINITIALIZED_AUTOS = YES_AGGRESSIVE;
				GCC_WARN_UNUSED_FUNCTION = YES;
				GCC_WARN_UNUSED_VARIABLE = YES;
				MACOSX_DEPLOYMENT_TARGET = 10.10;
				MTL_ENABLE_DEBUG_INFO = YES;
				ONLY_ACTIVE_ARCH = YES;
				SDKROOT = macosx;
				SWIFT_OPTIMIZATION_LEVEL = "-Onone";
			};
			name = Debug;
		};
		5CBD962E1BE25EFC0038BDDE /* Release */ = {
			isa = XCBuildConfiguration;
			buildSettings = {
				ALWAYS_SEARCH_USER_PATHS = NO;
				CLANG_CXX_LANGUAGE_STANDARD = "gnu++0x";
				CLANG_CXX_LIBRARY = "libc++";
				CLANG_ENABLE_MODULES = YES;
				CLANG_ENABLE_OBJC_ARC = YES;
				CLANG_WARN_BOOL_CONVERSION = YES;
				CLANG_WARN_CONSTANT_CONVERSION = YES;
				CLANG_WARN_DIRECT_OBJC_ISA_USAGE = YES_ERROR;
				CLANG_WARN_EMPTY_BODY = YES;
				CLANG_WARN_ENUM_CONVERSION = YES;
				CLANG_WARN_INT_CONVERSION = YES;
				CLANG_WARN_OBJC_ROOT_CLASS = YES_ERROR;
				CLANG_WARN_UNREACHABLE_CODE = YES;
				CLANG_WARN__DUPLICATE_METHOD_MATCH = YES;
				CODE_SIGN_IDENTITY = "-";
				COPY_PHASE_STRIP = NO;
				DEBUG_INFORMATION_FORMAT = "dwarf-with-dsym";
				ENABLE_NS_ASSERTIONS = NO;
				ENABLE_STRICT_OBJC_MSGSEND = YES;
				GCC_C_LANGUAGE_STANDARD = gnu99;
				GCC_NO_COMMON_BLOCKS = YES;
				GCC_WARN_64_TO_32_BIT_CONVERSION = YES;
				GCC_WARN_ABOUT_RETURN_TYPE = YES_ERROR;
				GCC_WARN_UNDECLARED_SELECTOR = YES;
				GCC_WARN_UNINITIALIZED_AUTOS = YES_AGGRESSIVE;
				GCC_WARN_UNUSED_FUNCTION = YES;
				GCC_WARN_UNUSED_VARIABLE = YES;
				MACOSX_DEPLOYMENT_TARGET = 10.10;
				MTL_ENABLE_DEBUG_INFO = NO;
				SDKROOT = macosx;
			};
			name = Release;
		};
		5CBD96301BE25EFC0038BDDE /* Debug */ = {
			isa = XCBuildConfiguration;
			buildSettings = {
				PRODUCT_NAME = "$(TARGET_NAME)";
			};
			name = Debug;
		};
		5CBD96311BE25EFC0038BDDE /* Release */ = {
			isa = XCBuildConfiguration;
			buildSettings = {
				PRODUCT_NAME = "$(TARGET_NAME)";
			};
			name = Release;
		};
/* End XCBuildConfiguration section */

/* Begin XCConfigurationList section */
		5CBD96231BE25EFB0038BDDE /* Build configuration list for PBXProject "GetAppleSerial" */ = {
			isa = XCConfigurationList;
			buildConfigurations = (
				5CBD962D1BE25EFC0038BDDE /* Debug */,
				5CBD962E1BE25EFC0038BDDE /* Release */,
			);
			defaultConfigurationIsVisible = 0;
			defaultConfigurationName = Release;
		};
		5CBD962F1BE25EFC0038BDDE /* Build configuration list for PBXNativeTarget "GetAppleSerial" */ = {
			isa = XCConfigurationList;
			buildConfigurations = (
				5CBD96301BE25EFC0038BDDE /* Debug */,
				5CBD96311BE25EFC0038BDDE /* Release */,
			);
			defaultConfigurationIsVisible = 0;
		};
/* End XCConfigurationList section */
	};
	rootObject = 5CBD96201BE25EFB0038BDDE /* Project object */;
}
